
Microsoft Visual Studio Solution File, Format Version 12.00
# Visual Studio Version 17
VisualStudioVersion = 17.3.32922.545
MinimumVisualStudioVersion = 10.0.40219.1
Project("{9A19103F-16F7-4668-BE54-9A1E7A4F7556}") = "BankingSystem.Api", "BankingSystem.Api\BankingSystem.Api.csproj", "{22668A4F-9F96-4EA2-A0F4-9859ABE7E9BA}"
EndProject
Project("{FAE04EC0-301F-11D3-BF4B-00C04F79EFBC}") = "BankingSystem.Domain", "BankingSystem.Domain\BankingSystem.Domain.csproj", "{C51BEF0D-923C-4CF0-9DB7-3E1F5EF26826}"
EndProject
Project("{FAE04EC0-301F-11D3-BF4B-00C04F79EFBC}") = "BankingSystem.Infrastructure", "BankingSystem.Infrastructure\BankingSystem.Infrastructure.csproj", "{C5774BD5-E5AB-424E-BB7A-8740D4108E38}"
EndProject
Project("{FAE04EC0-301F-11D3-BF4B-00C04F79EFBC}") = "BankingSystem.Tests", "BankingSystem.Tests\BankingSystem.Tests.csproj", "{71294916-D09E-42D1-ABD7-9CF86DB12EC4}"
EndProject
Project("{FAE04EC0-301F-11D3-BF4B-00C04F79EFBC}") = "BankingSystem.Application", "BankingSystem.Application\BankingSystem.Application.csproj", "{A9157F7C-8E59-44D8-AD69-093412AB3074}"
EndProject
Global
	GlobalSection(SolutionConfigurationPlatforms) = preSolution
		Debug|Any CPU = Debug|Any CPU
		Release|Any CPU = Release|Any CPU
	EndGlobalSection
	GlobalSection(ProjectConfigurationPlatforms) = postSolution
		{22668A4F-9F96-4EA2-A0F4-9859ABE7E9BA}.Debug|Any CPU.ActiveCfg = Debug|Any CPU
		{22668A4F-9F96-4EA2-A0F4-9859ABE7E9BA}.Debug|Any CPU.Build.0 = Debug|Any CPU
		{22668A4F-9F96-4EA2-A0F4-9859ABE7E9BA}.Release|Any CPU.ActiveCfg = Release|Any CPU
		{22668A4F-9F96-4EA2-A0F4-9859ABE7E9BA}.Release|Any CPU.Build.0 = Release|Any CPU
		{C51BEF0D-923C-4CF0-9DB7-3E1F5EF26826}.Debug|Any CPU.ActiveCfg = Debug|Any CPU
		{C51BEF0D-923C-4CF0-9DB7-3E1F5EF26826}.Debug|Any CPU.Build.0 = Debug|Any CPU
		{C51BEF0D-923C-4CF0-9DB7-3E1F5EF26826}.Release|Any CPU.ActiveCfg = Release|Any CPU
		{C51BEF0D-923C-4CF0-9DB7-3E1F5EF26826}.Release|Any CPU.Build.0 = Release|Any CPU
		{C5774BD5-E5AB-424E-BB7A-8740D4108E38}.Debug|Any CPU.ActiveCfg = Debug|Any CPU
		{C5774BD5-E5AB-424E-BB7A-8740D4108E38}.Debug|Any CPU.Build.0 = Debug|Any CPU
		{C5774BD5-E5AB-424E-BB7A-8740D4108E38}.Release|Any CPU.ActiveCfg = Release|Any CPU
		{C5774BD5-E5AB-424E-BB7A-8740D4108E38}.Release|Any CPU.Build.0 = Release|Any CPU
		{71294916-D09E-42D1-ABD7-9CF86DB12EC4}.Debug|Any CPU.ActiveCfg = Debug|Any CPU
		{71294916-D09E-42D1-ABD7-9CF86DB12EC4}.Debug|Any CPU.Build.0 = Debug|Any CPU
		{71294916-D09E-42D1-ABD7-9CF86DB12EC4}.Release|Any CPU.ActiveCfg = Release|Any CPU
		{71294916-D09E-42D1-ABD7-9CF86DB12EC4}.Release|Any CPU.Build.0 = Release|Any CPU
		{A9157F7C-8E59-44D8-AD69-093412AB3074}.Debug|Any CPU.ActiveCfg = Debug|Any CPU
		{A9157F7C-8E59-44D8-AD69-093412AB3074}.Debug|Any CPU.Build.0 = Debug|Any CPU
		{A9157F7C-8E59-44D8-AD69-093412AB3074}.Release|Any CPU.ActiveCfg = Release|Any CPU
		{A9157F7C-8E59-44D8-AD69-093412AB3074}.Release|Any CPU.Build.0 = Release|Any CPU
	EndGlobalSection
	GlobalSection(SolutionProperties) = preSolution
		HideSolutionNode = FALSE
	EndGlobalSection
	GlobalSection(ExtensibilityGlobals) = postSolution
		SolutionGuid = {96FDD3B4-46A7-4029-9AF6-7D23BAD82A34}
	EndGlobalSection
EndGlobal
